
Microsoft Visual Studio Solution File, Format Version 12.00
# Visual Studio Version 17
VisualStudioVersion = 17.11.35312.102
MinimumVisualStudioVersion = 10.0.40219.1
Project("{8BC9CEB8-8B4A-11D0-8D11-00A0C91BC942}") = "Actividad01", "Actividad01\Actividad01.vcxproj", "{6C96D4A1-5589-4CFA-9ABA-77CFE7441411}"
EndProject
Global
	GlobalSection(SolutionConfigurationPlatforms) = preSolution
		Debug|x64 = Debug|x64
		Debug|x86 = Debug|x86
		Release|x64 = Release|x64
		Release|x86 = Release|x86
	EndGlobalSection
	GlobalSection(ProjectConfigurationPlatforms) = postSolution
		{6C96D4A1-5589-4CFA-9ABA-77CFE7441411}.Debug|x64.ActiveCfg = Debug|x64
		{6C96D4A1-5589-4CFA-9ABA-77CFE7441411}.Debug|x64.Build.0 = Debug|x64
		{6C96D4A1-5589-4CFA-9ABA-77CFE7441411}.Debug|x86.ActiveCfg = Debug|Win32
		{6C96D4A1-5589-4CFA-9ABA-77CFE7441411}.Debug|x86.Build.0 = Debug|Win32
		{6C96D4A1-5589-4CFA-9ABA-77CFE7441411}.Release|x64.ActiveCfg = Release|x64
		{6C96D4A1-5589-4CFA-9ABA-77CFE7441411}.Release|x64.Build.0 = Release|x64
		{6C96D4A1-5589-4CFA-9ABA-77CFE7441411}.Release|x86.ActiveCfg = Release|Win32
		{6C96D4A1-5589-4CFA-9ABA-77CFE7441411}.Release|x86.Build.0 = Release|Win32
	EndGlobalSection
	GlobalSection(SolutionProperties) = preSolution
		HideSolutionNode = FALSE
	EndGlobalSection
	GlobalSection(ExtensibilityGlobals) = postSolution
		SolutionGuid = {27CD49C7-5132-4CF2-81C4-F5E69A371B15}
	EndGlobalSection
EndGlobal
